
Microsoft Visual Studio Solution File, Format Version 12.00
# Visual Studio Version 17
VisualStudioVersion = 17.3.32825.248
MinimumVisualStudioVersion = 10.0.40219.1
Project("{9A19103F-16F7-4668-BE54-9A1E7A4F7556}") = "Business", "Business\Business.csproj", "{FA5BC133-0257-4EAF-BC90-EDD6675E61D7}"
EndProject
Project("{9A19103F-16F7-4668-BE54-9A1E7A4F7556}") = "Entities", "Entities\Entities.csproj", "{2E257E6A-C75A-4905-9D6C-D0E8D4306ECB}"
EndProject
Project("{9A19103F-16F7-4668-BE54-9A1E7A4F7556}") = "DataAccess", "DataAccess\DataAccess.csproj", "{5F419B25-D334-4CEB-B43F-9CFC31A3F9DE}"
EndProject
Project("{9A19103F-16F7-4668-BE54-9A1E7A4F7556}") = "TestProjectOnConsole", "TestProjectOnConsole\TestProjectOnConsole.csproj", "{28EDD5FB-7E24-4316-83D7-C95EB8279FA6}"
EndProject
Project("{9A19103F-16F7-4668-BE54-9A1E7A4F7556}") = "Core", "Core\Core.csproj", "{10ADC77B-8AB7-4382-AAA1-AD8446657657}"
EndProject
Project("{FAE04EC0-301F-11D3-BF4B-00C04F79EFBC}") = "WebAPI", "WebAPI\WebAPI.csproj", "{10B7DEA6-37AA-412C-A51E-61650A5D17D7}"
EndProject
Global
	GlobalSection(SolutionConfigurationPlatforms) = preSolution
		Debug|Any CPU = Debug|Any CPU
		Release|Any CPU = Release|Any CPU
	EndGlobalSection
	GlobalSection(ProjectConfigurationPlatforms) = postSolution
		{FA5BC133-0257-4EAF-BC90-EDD6675E61D7}.Debug|Any CPU.ActiveCfg = Debug|Any CPU
		{FA5BC133-0257-4EAF-BC90-EDD6675E61D7}.Debug|Any CPU.Build.0 = Debug|Any CPU
		{FA5BC133-0257-4EAF-BC90-EDD6675E61D7}.Release|Any CPU.ActiveCfg = Release|Any CPU
		{FA5BC133-0257-4EAF-BC90-EDD6675E61D7}.Release|Any CPU.Build.0 = Release|Any CPU
		{2E257E6A-C75A-4905-9D6C-D0E8D4306ECB}.Debug|Any CPU.ActiveCfg = Debug|Any CPU
		{2E257E6A-C75A-4905-9D6C-D0E8D4306ECB}.Debug|Any CPU.Build.0 = Debug|Any CPU
		{2E257E6A-C75A-4905-9D6C-D0E8D4306ECB}.Release|Any CPU.ActiveCfg = Release|Any CPU
		{2E257E6A-C75A-4905-9D6C-D0E8D4306ECB}.Release|Any CPU.Build.0 = Release|Any CPU
		{5F419B25-D334-4CEB-B43F-9CFC31A3F9DE}.Debug|Any CPU.ActiveCfg = Debug|Any CPU
		{5F419B25-D334-4CEB-B43F-9CFC31A3F9DE}.Debug|Any CPU.Build.0 = Debug|Any CPU
		{5F419B25-D334-4CEB-B43F-9CFC31A3F9DE}.Release|Any CPU.ActiveCfg = Release|Any CPU
		{5F419B25-D334-4CEB-B43F-9CFC31A3F9DE}.Release|Any CPU.Build.0 = Release|Any CPU
		{28EDD5FB-7E24-4316-83D7-C95EB8279FA6}.Debug|Any CPU.ActiveCfg = Debug|Any CPU
		{28EDD5FB-7E24-4316-83D7-C95EB8279FA6}.Debug|Any CPU.Build.0 = Debug|Any CPU
		{28EDD5FB-7E24-4316-83D7-C95EB8279FA6}.Release|Any CPU.ActiveCfg = Release|Any CPU
		{28EDD5FB-7E24-4316-83D7-C95EB8279FA6}.Release|Any CPU.Build.0 = Release|Any CPU
		{10ADC77B-8AB7-4382-AAA1-AD8446657657}.Debug|Any CPU.ActiveCfg = Debug|Any CPU
		{10ADC77B-8AB7-4382-AAA1-AD8446657657}.Debug|Any CPU.Build.0 = Debug|Any CPU
		{10ADC77B-8AB7-4382-AAA1-AD8446657657}.Release|Any CPU.ActiveCfg = Release|Any CPU
		{10ADC77B-8AB7-4382-AAA1-AD8446657657}.Release|Any CPU.Build.0 = Release|Any CPU
		{10B7DEA6-37AA-412C-A51E-61650A5D17D7}.Debug|Any CPU.ActiveCfg = Debug|Any CPU
		{10B7DEA6-37AA-412C-A51E-61650A5D17D7}.Debug|Any CPU.Build.0 = Debug|Any CPU
		{10B7DEA6-37AA-412C-A51E-61650A5D17D7}.Release|Any CPU.ActiveCfg = Release|Any CPU
		{10B7DEA6-37AA-412C-A51E-61650A5D17D7}.Release|Any CPU.Build.0 = Release|Any CPU
	EndGlobalSection
	GlobalSection(SolutionProperties) = preSolution
		HideSolutionNode = FALSE
	EndGlobalSection
	GlobalSection(ExtensibilityGlobals) = postSolution
		SolutionGuid = {4205149E-39C0-414E-8BF1-EB362F879928}
	EndGlobalSection
EndGlobal
